github.com/confluentinc/confluent-kafka-go v1.9.0 h1:d1k62oAuQVxgdMdiDQnpkABbtIWTBwXHpDcyGQUw5QQ=
github.com/confluentinc/confluent-kafka-go v1.9.0/go.mod h1:WDFs+KlhHITEoCzEfHSNgj5aP7vjajyYbZpvTEGs1sE=
github.com/gorilla/websocket v1.4.0/go.mod h1:E7qHFY5m1UJ88s3WnNqhKjPHQ0heANvMoAMk2YaljkQ=
github.com/gorilla/websocket v1.5.0 h1:PPwGk2jz7EePpoHN/+ClbZu8SPxiqlu12wZP/3sWmnc=
github.com/gorilla/websocket v1.5.0/go.mod h1:YR8l580nyteQvAITg2hZ9XVh4b55+EU/adAjf1fMHhE=
github.com/joho/godotenv v1.4.0 h1:3l4+N6zfMWnkbPEXKng2o2/MR5mSwTrBih4ZEkkz1lg=
github.com/joho/godotenv v1.4.0/go.mod h1:f4LDr5Voq0i2e/R5DDNOoa2zzDfwtkZa6DnEwAbqwq4=
github.com/preichenberger/go-coinbasepro/v2 v2.1.0 h1:TOJ6zMtlN3KE/Qa0NgI6U6H5FyUNqLfMrVSq/J4Iitk=
github.com/preichenberger/go-coinbasepro/v2 v2.1.0/go.mod h1:tsiN/OFQ5FiE+T2i3r88GHDVvR/Jxkx+CGKw7JSYLrE=
